
Microsoft Visual Studio Solution File, Format Version 12.00
Project("{FAE04EC0-301F-11D3-BF4B-00C04F79EFBC}") = "Lessons", "Lessons\Lessons.csproj", "{BD9A8496-91ED-4A1B-81BD-350684027208}"
EndProject
Project("{FAE04EC0-301F-11D3-BF4B-00C04F79EFBC}") = "Tests", "Tests\Tests.csproj", "{6F3A4387-CEA1-4BF2-9860-5B0CE09D61B5}"
EndProject
Project("{FAE04EC0-301F-11D3-BF4B-00C04F79EFBC}") = "AuthServer", "AuthServer\AuthServer.csproj", "{D94F66E1-D999-492C-B87D-555E5ACFE016}"
EndProject
Global
	GlobalSection(SolutionConfigurationPlatforms) = preSolution
		Debug|Any CPU = Debug|Any CPU
		Release|Any CPU = Release|Any CPU
	EndGlobalSection
	GlobalSection(ProjectConfigurationPlatforms) = postSolution
		{BD9A8496-91ED-4A1B-81BD-350684027208}.Debug|Any CPU.ActiveCfg = Debug|Any CPU
		{BD9A8496-91ED-4A1B-81BD-350684027208}.Debug|Any CPU.Build.0 = Debug|Any CPU
		{BD9A8496-91ED-4A1B-81BD-350684027208}.Release|Any CPU.ActiveCfg = Release|Any CPU
		{BD9A8496-91ED-4A1B-81BD-350684027208}.Release|Any CPU.Build.0 = Release|Any CPU
		{6F3A4387-CEA1-4BF2-9860-5B0CE09D61B5}.Debug|Any CPU.ActiveCfg = Debug|Any CPU
		{6F3A4387-CEA1-4BF2-9860-5B0CE09D61B5}.Debug|Any CPU.Build.0 = Debug|Any CPU
		{6F3A4387-CEA1-4BF2-9860-5B0CE09D61B5}.Release|Any CPU.ActiveCfg = Release|Any CPU
		{6F3A4387-CEA1-4BF2-9860-5B0CE09D61B5}.Release|Any CPU.Build.0 = Release|Any CPU
		{D94F66E1-D999-492C-B87D-555E5ACFE016}.Debug|Any CPU.ActiveCfg = Debug|Any CPU
		{D94F66E1-D999-492C-B87D-555E5ACFE016}.Debug|Any CPU.Build.0 = Debug|Any CPU
		{D94F66E1-D999-492C-B87D-555E5ACFE016}.Release|Any CPU.ActiveCfg = Release|Any CPU
		{D94F66E1-D999-492C-B87D-555E5ACFE016}.Release|Any CPU.Build.0 = Release|Any CPU
	EndGlobalSection
EndGlobal
